
Microsoft Visual Studio Solution File, Format Version 12.00
# Visual Studio 15
VisualStudioVersion = 15.0.28307.271
MinimumVisualStudioVersion = 10.0.40219.1
Project("{FAE04EC0-301F-11D3-BF4B-00C04F79EFBC}") = "Task3", "Task3\Task3.csproj", "{CF031ACB-E3FD-4AE1-8DA1-54904A92E4AF}"
EndProject
Global
	GlobalSection(SolutionConfigurationPlatforms) = preSolution
		Debug|Any CPU = Debug|Any CPU
		Release|Any CPU = Release|Any CPU
	EndGlobalSection
	GlobalSection(ProjectConfigurationPlatforms) = postSolution
		{CF031ACB-E3FD-4AE1-8DA1-54904A92E4AF}.Debug|Any CPU.ActiveCfg = Debug|Any CPU
		{CF031ACB-E3FD-4AE1-8DA1-54904A92E4AF}.Debug|Any CPU.Build.0 = Debug|Any CPU
		{CF031ACB-E3FD-4AE1-8DA1-54904A92E4AF}.Release|Any CPU.ActiveCfg = Release|Any CPU
		{CF031ACB-E3FD-4AE1-8DA1-54904A92E4AF}.Release|Any CPU.Build.0 = Release|Any CPU
	EndGlobalSection
	GlobalSection(SolutionProperties) = preSolution
		HideSolutionNode = FALSE
	EndGlobalSection
	GlobalSection(ExtensibilityGlobals) = postSolution
		SolutionGuid = {37775F24-1F2E-41F1-A774-57F1F1FA5524}
	EndGlobalSection
EndGlobal
