
Microsoft Visual Studio Solution File, Format Version 12.00
# Visual Studio 15
Project("{FAE04EC0-301F-11D3-BF4B-00C04F79EFBC}") = "M_Task8", "M_Task8\M_Task8.csproj", "{7B973A89-1398-4ADB-BF6A-1F2033905325}"
EndProject
Global
	GlobalSection(SolutionConfigurationPlatforms) = preSolution
		Debug|x86 = Debug|x86
		Release|x86 = Release|x86
	EndGlobalSection
	GlobalSection(ProjectConfigurationPlatforms) = postSolution
		{7B973A89-1398-4ADB-BF6A-1F2033905325}.Debug|x86.ActiveCfg = Debug|x86
		{7B973A89-1398-4ADB-BF6A-1F2033905325}.Debug|x86.Build.0 = Debug|x86
		{7B973A89-1398-4ADB-BF6A-1F2033905325}.Release|x86.ActiveCfg = Release|x86
		{7B973A89-1398-4ADB-BF6A-1F2033905325}.Release|x86.Build.0 = Release|x86
	EndGlobalSection
EndGlobal
