
Microsoft Visual Studio Solution File, Format Version 12.00
# Visual Studio 15
VisualStudioVersion = 15.0.28307.271
MinimumVisualStudioVersion = 10.0.40219.1
Project("{FAE04EC0-301F-11D3-BF4B-00C04F79EFBC}") = "Task8_UI", "Task8_UI\Task8_UI.csproj", "{F9FA0EB9-F88A-43BC-BA57-FAB8DAA643BA}"
EndProject
Global
	GlobalSection(SolutionConfigurationPlatforms) = preSolution
		Debug|Any CPU = Debug|Any CPU
		Release|Any CPU = Release|Any CPU
	EndGlobalSection
	GlobalSection(ProjectConfigurationPlatforms) = postSolution
		{F9FA0EB9-F88A-43BC-BA57-FAB8DAA643BA}.Debug|Any CPU.ActiveCfg = Debug|Any CPU
		{F9FA0EB9-F88A-43BC-BA57-FAB8DAA643BA}.Debug|Any CPU.Build.0 = Debug|Any CPU
		{F9FA0EB9-F88A-43BC-BA57-FAB8DAA643BA}.Release|Any CPU.ActiveCfg = Release|Any CPU
		{F9FA0EB9-F88A-43BC-BA57-FAB8DAA643BA}.Release|Any CPU.Build.0 = Release|Any CPU
	EndGlobalSection
	GlobalSection(SolutionProperties) = preSolution
		HideSolutionNode = FALSE
	EndGlobalSection
	GlobalSection(ExtensibilityGlobals) = postSolution
		SolutionGuid = {DE8CE186-B42F-40BF-A4A2-E42C807E446B}
	EndGlobalSection
EndGlobal
