
Microsoft Visual Studio Solution File, Format Version 12.00
# Visual Studio 15
Project("{FAE04EC0-301F-11D3-BF4B-00C04F79EFBC}") = "M_Task3", "M_Task3\M_Task3.csproj", "{3FD252D8-FF66-4371-B7BD-1B63ACDB5877}"
EndProject
Global
	GlobalSection(SolutionConfigurationPlatforms) = preSolution
		Debug|x86 = Debug|x86
		Release|x86 = Release|x86
	EndGlobalSection
	GlobalSection(ProjectConfigurationPlatforms) = postSolution
		{3FD252D8-FF66-4371-B7BD-1B63ACDB5877}.Debug|x86.ActiveCfg = Debug|x86
		{3FD252D8-FF66-4371-B7BD-1B63ACDB5877}.Debug|x86.Build.0 = Debug|x86
		{3FD252D8-FF66-4371-B7BD-1B63ACDB5877}.Release|x86.ActiveCfg = Release|x86
		{3FD252D8-FF66-4371-B7BD-1B63ACDB5877}.Release|x86.Build.0 = Release|x86
	EndGlobalSection
EndGlobal
