
Microsoft Visual Studio Solution File, Format Version 12.00
# Visual Studio 15
VisualStudioVersion = 15.0.28307.271
MinimumVisualStudioVersion = 10.0.40219.1
Project("{FAE04EC0-301F-11D3-BF4B-00C04F79EFBC}") = "Task8", "Task8\Task8.csproj", "{5A650938-6BEA-49A9-B4C8-3F4489A90E84}"
EndProject
Global
	GlobalSection(SolutionConfigurationPlatforms) = preSolution
		Debug|Any CPU = Debug|Any CPU
		Release|Any CPU = Release|Any CPU
	EndGlobalSection
	GlobalSection(ProjectConfigurationPlatforms) = postSolution
		{5A650938-6BEA-49A9-B4C8-3F4489A90E84}.Debug|Any CPU.ActiveCfg = Debug|Any CPU
		{5A650938-6BEA-49A9-B4C8-3F4489A90E84}.Debug|Any CPU.Build.0 = Debug|Any CPU
		{5A650938-6BEA-49A9-B4C8-3F4489A90E84}.Release|Any CPU.ActiveCfg = Release|Any CPU
		{5A650938-6BEA-49A9-B4C8-3F4489A90E84}.Release|Any CPU.Build.0 = Release|Any CPU
	EndGlobalSection
	GlobalSection(SolutionProperties) = preSolution
		HideSolutionNode = FALSE
	EndGlobalSection
	GlobalSection(ExtensibilityGlobals) = postSolution
		SolutionGuid = {E5D70535-181E-4C9C-A66D-5C9B7C7ABA3E}
	EndGlobalSection
EndGlobal
