
Microsoft Visual Studio Solution File, Format Version 12.00
# Visual Studio 15
VisualStudioVersion = 15.0.28307.271
MinimumVisualStudioVersion = 10.0.40219.1
Project("{FAE04EC0-301F-11D3-BF4B-00C04F79EFBC}") = "Task_1_2", "Task_1_2\Task_1_2.csproj", "{DB2F239E-9A4A-49DF-B2F2-F4B581E21D97}"
EndProject
Global
	GlobalSection(SolutionConfigurationPlatforms) = preSolution
		Debug|Any CPU = Debug|Any CPU
		Release|Any CPU = Release|Any CPU
	EndGlobalSection
	GlobalSection(ProjectConfigurationPlatforms) = postSolution
		{DB2F239E-9A4A-49DF-B2F2-F4B581E21D97}.Debug|Any CPU.ActiveCfg = Debug|Any CPU
		{DB2F239E-9A4A-49DF-B2F2-F4B581E21D97}.Debug|Any CPU.Build.0 = Debug|Any CPU
		{DB2F239E-9A4A-49DF-B2F2-F4B581E21D97}.Release|Any CPU.ActiveCfg = Release|Any CPU
		{DB2F239E-9A4A-49DF-B2F2-F4B581E21D97}.Release|Any CPU.Build.0 = Release|Any CPU
	EndGlobalSection
	GlobalSection(SolutionProperties) = preSolution
		HideSolutionNode = FALSE
	EndGlobalSection
	GlobalSection(ExtensibilityGlobals) = postSolution
		SolutionGuid = {6DC64079-56E5-48EB-8BA1-CB1B4EA943F2}
	EndGlobalSection
EndGlobal
